
Microsoft Visual Studio Solution File, Format Version 12.00
# Visual Studio Version 17
VisualStudioVersion = 17.14.37027.9 d17.14
MinimumVisualStudioVersion = 10.0.40219.1
Project("{FAE04EC0-301F-11D3-BF4B-00C04F79EFBC}") = "ConectorInventario", "ConectorInventario.csproj", "{56CE865E-B659-46C1-9B48-0218ECCEA5A1}"
EndProject
Global
	GlobalSection(SolutionConfigurationPlatforms) = preSolution
		Debug|Any CPU = Debug|Any CPU
		Release|Any CPU = Release|Any CPU
	EndGlobalSection
	GlobalSection(ProjectConfigurationPlatforms) = postSolution
		{56CE865E-B659-46C1-9B48-0218ECCEA5A1}.Debug|Any CPU.ActiveCfg = Debug|Any CPU
		{56CE865E-B659-46C1-9B48-0218ECCEA5A1}.Debug|Any CPU.Build.0 = Debug|Any CPU
		{56CE865E-B659-46C1-9B48-0218ECCEA5A1}.Release|Any CPU.ActiveCfg = Release|Any CPU
		{56CE865E-B659-46C1-9B48-0218ECCEA5A1}.Release|Any CPU.Build.0 = Release|Any CPU
	EndGlobalSection
	GlobalSection(SolutionProperties) = preSolution
		HideSolutionNode = FALSE
	EndGlobalSection
	GlobalSection(ExtensibilityGlobals) = postSolution
		SolutionGuid = {AB6CF4F5-969B-4CCB-B46C-7B96FAB47A55}
	EndGlobalSection
EndGlobal
